dependencies:
- name: mysql
  repository: https://charts.bitnami.com/bitnami
  version: 9.19.1
- name: postgresql
  repository: https://charts.bitnami.com/bitnami
  version: 15.2.4
- name: postgresql-ha
  repository: https://charts.bitnami.com/bitnami
  version: 14.0.2
- name: rabbitmq
  repository: https://charts.bitnami.com/bitnami
  version: 11.16.2
- name: redis
  repository: https://charts.bitnami.com/bitnami
  version: 19.0.2
digest: sha256:8405f30bb5d15813855fea42ab9d567a4bee7aceecf1de245b7ae7f593972030
generated: "2024-04-08T13:58:17.863597401Z"
