dependencies:
- name: mysql
  repository: https://charts.bitnami.com/bitnami
  version: 10.1.1
- name: postgresql
  repository: https://charts.bitnami.com/bitnami
  version: 15.2.2
- name: postgresql-ha
  repository: https://charts.bitnami.com/bitnami
  version: 9.4.11
- name: rabbitmq
  repository: https://charts.bitnami.com/bitnami
  version: 11.16.2
- name: redis
  repository: https://charts.bitnami.com/bitnami
  version: 19.0.2
digest: sha256:cc28f282671ace59e87fc9e37a0b92aaa374a815e52470d4acf262c355fe0f36
generated: "2024-04-03T02:08:06.253675317Z"
